# THIS IS AN AUTOGENERATED FILE. DO NOT EDIT THIS FILE DIRECTLY.
# yarn lockfile v1


"@polymer/font-roboto@^0.0.3":
  version "0.0.3"
  resolved "https://registry.yarnpkg.com/@polymer/font-roboto/-/font-roboto-0.0.3.tgz#9d58edb660bbed2d4bd29d3bf9b21c20bddd6187"

"@polymer/iron-a11y-keys-behavior@^0.0.3":
  version "0.0.3"
  resolved "https://registry.yarnpkg.com/@polymer/iron-a11y-keys-behavior/-/iron-a11y-keys-behavior-0.0.3.tgz#82a9c535d01ae94cb33d9c071a9a543ebc2044c0"
  dependencies:
    "@polymer/polymer" "^1.2.5-npm-test.2"

"@polymer/iron-ajax@^0.0.3":
  version "0.0.3"
  resolved "https://registry.yarnpkg.com/@polymer/iron-ajax/-/iron-ajax-0.0.3.tgz#5e5ba988e9e46b9defa27e81ae1e82ca0acad6a0"
  dependencies:
    "@polymer/polymer" "^1.2.5-npm-test.2"
    "@polymer/promise-polyfill" "^1.0.0-npm-test.2"

"@polymer/iron-behaviors@^0.0.3":
  version "0.0.3"
  resolved "https://registry.yarnpkg.com/@polymer/iron-behaviors/-/iron-behaviors-0.0.3.tgz#027484885ddb924f99fa8083dfba810e39d2671b"
  dependencies:
    "@polymer/iron-a11y-keys-behavior" "^0.0.3"
    "@polymer/polymer" "^1.2.5-npm-test.2"

"@polymer/iron-checked-element-behavior@^0.0.3":
  version "0.0.3"
  resolved "https://registry.yarnpkg.com/@polymer/iron-checked-element-behavior/-/iron-checked-element-behavior-0.0.3.tgz#1e78b6a76751495350d51d9caaaf6c0f7f74bd7a"
  dependencies:
    "@polymer/iron-form-element-behavior" "^0.0.3"
    "@polymer/iron-validatable-behavior" "^0.0.3"
    "@polymer/polymer" "^1.2.5-npm-test.2"

"@polymer/iron-component-page@^0.0.3":
  version "0.0.3"
  resolved "https://registry.yarnpkg.com/@polymer/iron-component-page/-/iron-component-page-0.0.3.tgz#e555b84bc6c621ca9edc9847d19e091e396177be"
  dependencies:
    "@polymer/iron-ajax" "^0.0.3"
    "@polymer/iron-doc-viewer" "^0.0.3"
    "@polymer/iron-flex-layout" "^0.0.3"
    "@polymer/iron-icons" "^0.0.3"
    "@polymer/iron-selector" "^0.0.3"
    "@polymer/paper-header-panel" "^0.0.3"
    "@polymer/paper-styles" "^0.0.3"
    "@polymer/paper-toolbar" "^0.0.3"
    "@polymer/polymer" "^1.2.5-npm-test.2"
    hydrolysis "^1.18"

"@polymer/iron-doc-viewer@^0.0.3":
  version "0.0.3"
  resolved "https://registry.yarnpkg.com/@polymer/iron-doc-viewer/-/iron-doc-viewer-0.0.3.tgz#faf0fa8ba3790d792e0a70add020dccba2b524e9"
  dependencies:
    "@polymer/marked-element" "^0.0.3"
    "@polymer/paper-button" "^0.0.3"
    "@polymer/paper-styles" "^0.0.3"
    "@polymer/polymer" "^1.2.5-npm-test.2"
    "@polymer/prism-element" "^0.0.3"

"@polymer/iron-flex-layout@^0.0.3":
  version "0.0.3"
  resolved "https://registry.yarnpkg.com/@polymer/iron-flex-layout/-/iron-flex-layout-0.0.3.tgz#b7d7a732b1cbadfe6aa9500ca06f40d02578baf7"
  dependencies:
    "@polymer/polymer" "^1.2.5-npm-test.2"

"@polymer/iron-form-element-behavior@^0.0.3":
  version "0.0.3"
  resolved "https://registry.yarnpkg.com/@polymer/iron-form-element-behavior/-/iron-form-element-behavior-0.0.3.tgz#3564a2a51d8ccfdda4193d943d5fd0c12c463759"
  dependencies:
    "@polymer/polymer" "^1.2.5-npm-test.2"

"@polymer/iron-icon@^0.0.3":
  version "0.0.3"
  resolved "https://registry.yarnpkg.com/@polymer/iron-icon/-/iron-icon-0.0.3.tgz#e1b14afed4ad1106ed867d64ef01fe43f9b4e5e7"
  dependencies:
    "@polymer/iron-flex-layout" "^0.0.3"
    "@polymer/iron-meta" "^0.0.3"
    "@polymer/polymer" "^1.2.5-npm-test.2"

"@polymer/iron-icons@^0.0.3":
  version "0.0.3"
  resolved "https://registry.yarnpkg.com/@polymer/iron-icons/-/iron-icons-0.0.3.tgz#d672ab979bdcd4ded8027e8de23e8c51d0c7f4c6"
  dependencies:
    "@polymer/iron-icon" "^0.0.3"
    "@polymer/iron-iconset-svg" "^0.0.3"
    "@polymer/polymer" "^1.2.5-npm-test.2"

"@polymer/iron-iconset-svg@^0.0.3":
  version "0.0.3"
  resolved "https://registry.yarnpkg.com/@polymer/iron-iconset-svg/-/iron-iconset-svg-0.0.3.tgz#cd4cff5233f8061e3e0d34a65180b9a92085860a"
  dependencies:
    "@polymer/iron-meta" "^0.0.3"
    "@polymer/polymer" "^1.2.5-npm-test.2"

"@polymer/iron-meta@^0.0.3":
  version "0.0.3"
  resolved "https://registry.yarnpkg.com/@polymer/iron-meta/-/iron-meta-0.0.3.tgz#a4cec8479bdaec66ff03749a59136f21fde01d70"
  dependencies:
    "@polymer/polymer" "^1.2.5-npm-test.2"

"@polymer/iron-selector@^0.0.3":
  version "0.0.3"
  resolved "https://registry.yarnpkg.com/@polymer/iron-selector/-/iron-selector-0.0.3.tgz#cde0bb7b9845ddb3f6dfc93ada147426ccebdfb9"
  dependencies:
    "@polymer/polymer" "^1.2.5-npm-test.2"

"@polymer/iron-validatable-behavior@^0.0.3":
  version "0.0.3"
  resolved "https://registry.yarnpkg.com/@polymer/iron-validatable-behavior/-/iron-validatable-behavior-0.0.3.tgz#438747173d2b1d3bc1a08458a55ed31c9b4f192f"
  dependencies:
    "@polymer/iron-meta" "^0.0.3"
    "@polymer/polymer" "^1.2.5-npm-test.2"

"@polymer/marked-element@^0.0.3":
  version "0.0.3"
  resolved "https://registry.yarnpkg.com/@polymer/marked-element/-/marked-element-0.0.3.tgz#5ffc9a2b03766cf4a1a1f9f612fd28717bea663a"
  dependencies:
    "@polymer/polymer" "^1.2.5-npm-test.2"
    marked "~0.3.3"

"@polymer/paper-behaviors@^0.0.3":
  version "0.0.3"
  resolved "https://registry.yarnpkg.com/@polymer/paper-behaviors/-/paper-behaviors-0.0.3.tgz#79a39b1dc62c067a179efa70c4f34e1fb8de9a6f"
  dependencies:
    "@polymer/iron-behaviors" "^0.0.3"
    "@polymer/iron-checked-element-behavior" "^0.0.3"
    "@polymer/paper-ripple" "^0.0.3"
    "@polymer/polymer" "^1.2.5-npm-test.2"

"@polymer/paper-button@^0.0.3":
  version "0.0.3"
  resolved "https://registry.yarnpkg.com/@polymer/paper-button/-/paper-button-0.0.3.tgz#5ff68830b86732a8108be0259b4b673f0a8cc156"
  dependencies:
    "@polymer/iron-flex-layout" "^0.0.3"
    "@polymer/paper-behaviors" "^0.0.3"
    "@polymer/paper-material" "^0.0.3"
    "@polymer/polymer" "^1.2.5-npm-test.2"

"@polymer/paper-header-panel@^0.0.3":
  version "0.0.3"
  resolved "https://registry.yarnpkg.com/@polymer/paper-header-panel/-/paper-header-panel-0.0.3.tgz#de01048b8a6390cd67e8e798e8486e0597911c97"
  dependencies:
    "@polymer/iron-flex-layout" "^0.0.3"
    "@polymer/polymer" "^1.2.5-npm-test.2"

"@polymer/paper-material@^0.0.3":
  version "0.0.3"
  resolved "https://registry.yarnpkg.com/@polymer/paper-material/-/paper-material-0.0.3.tgz#f15d36e9bda705c2969c70564730a646c02c26c2"
  dependencies:
    "@polymer/paper-styles" "^0.0.3"
    "@polymer/polymer" "^1.2.5-npm-test.2"

"@polymer/paper-ripple@^0.0.3":
  version "0.0.3"
  resolved "https://registry.yarnpkg.com/@polymer/paper-ripple/-/paper-ripple-0.0.3.tgz#2b722947a852825233967606cd5fcf590eb7d829"
  dependencies:
    "@polymer/iron-a11y-keys-behavior" "^0.0.3"
    "@polymer/polymer" "^1.2.5-npm-test.2"

"@polymer/paper-styles@^0.0.3":
  version "0.0.3"
  resolved "https://registry.yarnpkg.com/@polymer/paper-styles/-/paper-styles-0.0.3.tgz#b8466a047807d6fc63c24fa71b486c975cc75379"
  dependencies:
    "@polymer/font-roboto" "^0.0.3"
    "@polymer/iron-flex-layout" "^0.0.3"
    "@polymer/polymer" "^1.2.5-npm-test.2"

"@polymer/paper-toolbar@^0.0.3":
  version "0.0.3"
  resolved "https://registry.yarnpkg.com/@polymer/paper-toolbar/-/paper-toolbar-0.0.3.tgz#d627fb4b4b3f5726f3f9d132ca1181c2ebf6cfd5"
  dependencies:
    "@polymer/iron-flex-layout" "^0.0.3"
    "@polymer/paper-styles" "^0.0.3"
    "@polymer/polymer" "^1.2.5-npm-test.2"

"@polymer/polymer@^1.2.5-npm-test.2", "@polymer/polymer@https://github.com/Polymer/polymer.git":
  version "1.8.0"
  resolved "https://github.com/Polymer/polymer.git#2d804a28f24d7842159a69f0ca588e929a3f9760"

"@polymer/prism-element@^0.0.3":
  version "0.0.3"
  resolved "https://registry.yarnpkg.com/@polymer/prism-element/-/prism-element-0.0.3.tgz#071c15b70011ad97f66c80ddf0aa38906d162501"
  dependencies:
    "@polymer/polymer" "^1.2.5-npm-test.2"
    prismjs-package "*"

"@polymer/promise-polyfill@^1.0.0-npm-test.2":
  version "1.0.0-npm-test.2"
  resolved "https://registry.yarnpkg.com/@polymer/promise-polyfill/-/promise-polyfill-1.0.0-npm-test.2.tgz#62ea2bc000cdebaff74208486ceaa385dd51a76d"
  dependencies:
    "@polymer/polymer" "^1.2.5-npm-test.2"

"@types/clone@^0.1.29":
  version "0.1.30"
  resolved "https://registry.yarnpkg.com/@types/clone/-/clone-0.1.30.tgz#e7365648c1b42136a59c7d5040637b3b5c83b614"

"@types/node@6.0.*":
  version "6.0.63"
  resolved "https://registry.yarnpkg.com/@types/node/-/node-6.0.63.tgz#e08acbbd5946e0e95990b1c76f3ce5b7882a48eb"

"@types/node@^4.0.30":
  version "4.2.2"
  resolved "https://registry.yarnpkg.com/@types/node/-/node-4.2.2.tgz#23aeb4c60e992f1eb2e4c020a543d81a1c2a937b"

"@types/parse5@^0.0.31":
  version "0.0.31"
  resolved "https://registry.yarnpkg.com/@types/parse5/-/parse5-0.0.31.tgz#e827a493a443b156e1b582a2e4c3bdc0040f2ee7"
  dependencies:
    "@types/node" "6.0.*"

acorn-jsx@^3.0.0:
  version "3.0.1"
  resolved "https://registry.yarnpkg.com/acorn-jsx/-/acorn-jsx-3.0.1.tgz#afdf9488fb1ecefc8348f6fb22f464e32a58b36b"
  dependencies:
    acorn "^3.0.4"

acorn@4.0.4:
  version "4.0.4"
  resolved "https://registry.yarnpkg.com/acorn/-/acorn-4.0.4.tgz#17a8d6a7a6c4ef538b814ec9abac2779293bf30a"

acorn@^3.0.4:
  version "3.3.0"
  resolved "https://registry.yarnpkg.com/acorn/-/acorn-3.3.0.tgz#45e37fb39e8da3f25baee3ff5369e2bb5f22017a"

amdefine@>=0.0.4:
  version "1.0.1"
  resolved "https://registry.yarnpkg.com/amdefine/-/amdefine-1.0.1.tgz#4a5282ac164729e93619bcfd3ad151f817ce91f5"

babel-polyfill@^6.2.0:
  version "6.22.0"
  resolved "https://registry.yarnpkg.com/babel-polyfill/-/babel-polyfill-6.22.0.tgz#1ac99ebdcc6ba4db1e2618c387b2084a82154a3b"
  dependencies:
    babel-runtime "^6.22.0"
    core-js "^2.4.0"
    regenerator-runtime "^0.10.0"

babel-runtime@^6.22.0:
  version "6.22.0"
  resolved "https://registry.yarnpkg.com/babel-runtime/-/babel-runtime-6.22.0.tgz#1cf8b4ac67c77a4ddb0db2ae1f74de52ac4ca611"
  dependencies:
    core-js "^2.4.0"
    regenerator-runtime "^0.10.0"

bluebird@^3.4.7:
  version "3.4.7"
  resolved "https://registry.yarnpkg.com/bluebird/-/bluebird-3.4.7.tgz#f72d760be09b7f76d08ed8fae98b289a8d05fab3"

clone@^1.0.2:
  version "1.0.2"
  resolved "https://registry.yarnpkg.com/clone/-/clone-1.0.2.tgz#260b7a99ebb1edfe247538175f783243cb19d149"

core-js@^2.4.0:
  version "2.4.1"
  resolved "https://registry.yarnpkg.com/core-js/-/core-js-2.4.1.tgz#4de911e667b0eae9124e34254b53aea6fc618d3e"

core-js@~2.3.0:
  version "2.3.0"
  resolved "https://registry.yarnpkg.com/core-js/-/core-js-2.3.0.tgz#fab83fbb0b2d8dc85fa636c4b9d34c75420c6d65"

core-util-is@~1.0.0:
  version "1.0.2"
  resolved "https://registry.yarnpkg.com/core-util-is/-/core-util-is-1.0.2.tgz#b5fd54220aa2bc5ab57aab7140c940754503c1a7"

deep-is@~0.1.3:
  version "0.1.3"
  resolved "https://registry.yarnpkg.com/deep-is/-/deep-is-0.1.3.tgz#b369d6fb5dbc13eecf524f91b070feedc357cf34"

doctrine@^0.7.0:
  version "0.7.2"
  resolved "https://registry.yarnpkg.com/doctrine/-/doctrine-0.7.2.tgz#7cb860359ba3be90e040b26b729ce4bfa654c523"
  dependencies:
    esutils "^1.1.6"
    isarray "0.0.1"

dom5@^1.1.0:
  version "1.3.6"
  resolved "https://registry.yarnpkg.com/dom5/-/dom5-1.3.6.tgz#a7088a9fc5f3b08dc9f6eda4c7abaeb241945e0d"
  dependencies:
    "@types/clone" "^0.1.29"
    "@types/node" "^4.0.30"
    "@types/parse5" "^0.0.31"
    clone "^1.0.2"
    parse5 "^1.4.1"

dropzone@^4.3.0:
  version "4.3.0"
  resolved "https://registry.yarnpkg.com/dropzone/-/dropzone-4.3.0.tgz#48b0b8f2ad092872e4b535b672a7c3f1a1d67c91"

es6-promise@~3.0.2:
  version "3.0.2"
  resolved "https://registry.yarnpkg.com/es6-promise/-/es6-promise-3.0.2.tgz#010d5858423a5f118979665f46486a95c6ee2bb6"

escodegen@^1.7.0:
  version "1.8.1"
  resolved "https://registry.yarnpkg.com/escodegen/-/escodegen-1.8.1.tgz#5a5b53af4693110bebb0867aa3430dd3b70a1018"
  dependencies:
    esprima "^2.7.1"
    estraverse "^1.9.1"
    esutils "^2.0.2"
    optionator "^0.8.1"
  optionalDependencies:
    source-map "~0.2.0"

espree@^3.1.3:
  version "3.4.0"
  resolved "https://registry.yarnpkg.com/espree/-/espree-3.4.0.tgz#41656fa5628e042878025ef467e78f125cb86e1d"
  dependencies:
    acorn "4.0.4"
    acorn-jsx "^3.0.0"

esprima@^2.7.1:
  version "2.7.3"
  resolved "https://registry.yarnpkg.com/esprima/-/esprima-2.7.3.tgz#96e3b70d5779f6ad49cd032673d1c312767ba581"

estraverse@^1.9.1:
  version "1.9.3"
  resolved "https://registry.yarnpkg.com/estraverse/-/estraverse-1.9.3.tgz#af67f2dc922582415950926091a4005d29c9bb44"

estraverse@^3.1.0:
  version "3.1.0"
  resolved "https://registry.yarnpkg.com/estraverse/-/estraverse-3.1.0.tgz#15e28a446b8b82bc700ccc8b96c78af4da0d6cba"

esutils@^1.1.6:
  version "1.1.6"
  resolved "https://registry.yarnpkg.com/esutils/-/esutils-1.1.6.tgz#c01ccaa9ae4b897c6d0c3e210ae52f3c7a844375"

esutils@^2.0.2:
  version "2.0.2"
  resolved "https://registry.yarnpkg.com/esutils/-/esutils-2.0.2.tgz#0abf4f1caa5bcb1f7a9d8acc6dea4faaa04bac9b"

fast-levenshtein@~2.0.4:
  version "2.0.6"
  resolved "https://registry.yarnpkg.com/fast-levenshtein/-/fast-levenshtein-2.0.6.tgz#3d8a5c66883a16a30ca8643e851f19baa7797917"

hydrolysis@^1.18:
  version "1.24.1"
  resolved "https://registry.yarnpkg.com/hydrolysis/-/hydrolysis-1.24.1.tgz#0f94f055d1065ac0d81ff40b762d143fef07eff4"
  dependencies:
    babel-polyfill "^6.2.0"
    doctrine "^0.7.0"
    dom5 "^1.1.0"
    escodegen "^1.7.0"
    espree "^3.1.3"
    estraverse "^3.1.0"
    path-is-absolute "^1.0.0"

immediate@~3.0.5:
  version "3.0.6"
  resolved "https://registry.yarnpkg.com/immediate/-/immediate-3.0.6.tgz#9db1dbd0faf8de6fbe0f5dd5e56bb606280de69b"

inherits@~2.0.1:
  version "2.0.3"
  resolved "https://registry.yarnpkg.com/inherits/-/inherits-2.0.3.tgz#633c2c83e3da42a502f52466022480f4208261de"

isarray@0.0.1:
  version "0.0.1"
  resolved "https://registry.yarnpkg.com/isarray/-/isarray-0.0.1.tgz#8a18acfca9a8f4177e09abfc6038939b05d1eedf"

isarray@~1.0.0:
  version "1.0.0"
  resolved "https://registry.yarnpkg.com/isarray/-/isarray-1.0.0.tgz#bb935d48582cba168c06834957a54a3e07124f11"

jszip-utils@^0.0.2:
  version "0.0.2"
  resolved "https://registry.yarnpkg.com/jszip-utils/-/jszip-utils-0.0.2.tgz#457d5cbca60a1c2e0706e9da2b544e8e7bc50bf8"

jszip@^3.1.3:
  version "3.1.3"
  resolved "https://registry.yarnpkg.com/jszip/-/jszip-3.1.3.tgz#8a920403b2b1651c0fc126be90192d9080957c37"
  dependencies:
    core-js "~2.3.0"
    es6-promise "~3.0.2"
    lie "~3.1.0"
    pako "~1.0.2"
    readable-stream "~2.0.6"

levn@~0.3.0:
  version "0.3.0"
  resolved "https://registry.yarnpkg.com/levn/-/levn-0.3.0.tgz#3b09924edf9f083c0490fdd4c0bc4421e04764ee"
  dependencies:
    prelude-ls "~1.1.2"
    type-check "~0.3.2"

lie@~3.1.0:
  version "3.1.1"
  resolved "https://registry.yarnpkg.com/lie/-/lie-3.1.1.tgz#9a436b2cc7746ca59de7a41fa469b3efb76bd87e"
  dependencies:
    immediate "~3.0.5"

lodash@^4.17.4:
  version "4.17.4"
  resolved "https://registry.yarnpkg.com/lodash/-/lodash-4.17.4.tgz#78203a4d1c328ae1d86dca6460e369b57f4055ae"

marked@~0.3.3:
  version "0.3.6"
  resolved "https://registry.yarnpkg.com/marked/-/marked-0.3.6.tgz#b2c6c618fccece4ef86c4fc6cb8a7cbf5aeda8d7"

optionator@^0.8.1:
  version "0.8.2"
  resolved "https://registry.yarnpkg.com/optionator/-/optionator-0.8.2.tgz#364c5e409d3f4d6301d6c0b4c05bba50180aeb64"
  dependencies:
    deep-is "~0.1.3"
    fast-levenshtein "~2.0.4"
    levn "~0.3.0"
    prelude-ls "~1.1.2"
    type-check "~0.3.2"
    wordwrap "~1.0.0"

pako@~1.0.2:
  version "1.0.4"
  resolved "https://registry.yarnpkg.com/pako/-/pako-1.0.4.tgz#412cc97c3b7ff06dc6c2557fd4f03d06f5e708d4"

parse5@^1.4.1:
  version "1.5.1"
  resolved "https://registry.yarnpkg.com/parse5/-/parse5-1.5.1.tgz#9b7f3b0de32be78dc2401b17573ccaf0f6f59d94"

path-is-absolute@^1.0.0:
  version "1.0.1"
  resolved "https://registry.yarnpkg.com/path-is-absolute/-/path-is-absolute-1.0.1.tgz#174b9268735534ffbc7ace6bf53a5a9e1b5c5f5f"

prelude-ls@~1.1.2:
  version "1.1.2"
  resolved "https://registry.yarnpkg.com/prelude-ls/-/prelude-ls-1.1.2.tgz#21932a549f5e52ffd9a827f570e04be62a97da54"

prismjs-package@*:
  version "0.7.26"
  resolved "https://registry.yarnpkg.com/prismjs-package/-/prismjs-package-0.7.26.tgz#7767cfa5a7109a6e7c5f47c1ef15664a039e17e4"
  dependencies:
    lodash "^4.17.4"

process-nextick-args@~1.0.6:
  version "1.0.7"
  resolved "https://registry.yarnpkg.com/process-nextick-args/-/process-nextick-args-1.0.7.tgz#150e20b756590ad3f91093f25a4f2ad8bff30ba3"

readable-stream@~2.0.6:
  version "2.0.6"
  resolved "https://registry.yarnpkg.com/readable-stream/-/readable-stream-2.0.6.tgz#8f90341e68a53ccc928788dacfcd11b36eb9b78e"
  dependencies:
    core-util-is "~1.0.0"
    inherits "~2.0.1"
    isarray "~1.0.0"
    process-nextick-args "~1.0.6"
    string_decoder "~0.10.x"
    util-deprecate "~1.0.1"

regenerator-runtime@^0.10.0:
  version "0.10.1"
  resolved "https://registry.yarnpkg.com/regenerator-runtime/-/regenerator-runtime-0.10.1.tgz#257f41961ce44558b18f7814af48c17559f9faeb"

source-map@~0.2.0:
  version "0.2.0"
  resolved "https://registry.yarnpkg.com/source-map/-/source-map-0.2.0.tgz#dab73fbcfc2ba819b4de03bd6f6eaa48164b3f9d"
  dependencies:
    amdefine ">=0.0.4"

string_decoder@~0.10.x:
  version "0.10.31"
  resolved "https://registry.yarnpkg.com/string_decoder/-/string_decoder-0.10.31.tgz#62e203bc41766c6c28c9fc84301dab1c5310fa94"

type-check@~0.3.2:
  version "0.3.2"
  resolved "https://registry.yarnpkg.com/type-check/-/type-check-0.3.2.tgz#5884cab512cf1d355e3fb784f30804b2b520db72"
  dependencies:
    prelude-ls "~1.1.2"

util-deprecate@~1.0.1:
  version "1.0.2"
  resolved "https://registry.yarnpkg.com/util-deprecate/-/util-deprecate-1.0.2.tgz#450d4dc9fa70de732762fbd2d4a28981419a0ccf"

webcomponents-lite@^0.6.0:
  version "0.6.0"
  resolved "https://registry.yarnpkg.com/webcomponents-lite/-/webcomponents-lite-0.6.0.tgz#d5e10ccba591711d45c15c64976bfc4f8f6157cb"

wordwrap@~1.0.0:
  version "1.0.0"
  resolved "https://registry.yarnpkg.com/wordwrap/-/wordwrap-1.0.0.tgz#27584810891456a4171c8d0226441ade90cbcaeb"
